// !$*UTF8*$!
{
	archiveVersion = 1;
	classes = {
	};
	objectVersion = 48;
	objects = {

/* Begin PBXBuildFile section */
		7A00F82020852A4400B9B4BA /* Localizable.strings in Resources */ = {isa = PBXBuildFile; fileRef = 7A00F82220852A4400B9B4BA /* Localizable.strings */; };
		7A00F825208537DB00B9B4BA /* GeneratedPasswordPanelView.swift in Sources */ = {isa = PBXBuildFile; fileRef = 7A00F824208537DB00B9B4BA /* GeneratedPasswordPanelView.swift */; };
		7A48A8DD2083BBBA0028EF24 /* MainViewModel.swift in Sources */ = {isa = PBXBuildFile; fileRef = 7A48A8DC2083BBBA0028EF24 /* MainViewModel.swift */; };
		7A48A8DF2083BF240028EF24 /* MainModel.swift in Sources */ = {isa = PBXBuildFile; fileRef = 7A48A8DE2083BF240028EF24 /* MainModel.swift */; };
		7A48A8E2208528650028EF24 /* String+LMP.swift in Sources */ = {isa = PBXBuildFile; fileRef = 7A48A8E1208528650028EF24 /* String+LMP.swift */; };
		7A7073162044A62300067118 /* AppDelegate.swift in Sources */ = {isa = PBXBuildFile; fileRef = 7A7073152044A62300067118 /* AppDelegate.swift */; };
		7A7073182044A62300067118 /* ViewController.swift in Sources */ = {isa = PBXBuildFile; fileRef = 7A7073172044A62300067118 /* ViewController.swift */; };
		7A70731B2044A62300067118 /* Main.storyboard in Resources */ = {isa = PBXBuildFile; fileRef = 7A7073192044A62300067118 /* Main.storyboard */; };
		7A70731D2044A62300067118 /* Assets.xcassets in Resources */ = {isa = PBXBuildFile; fileRef = 7A70731C2044A62300067118 /* Assets.xcassets */; };
		7A7073202044A62300067118 /* LaunchScreen.storyboard in Resources */ = {isa = PBXBuildFile; fileRef = 7A70731E2044A62300067118 /* LaunchScreen.storyboard */; };
		7A70732B2044A62300067118 /* LetMePassUITests.swift in Sources */ = {isa = PBXBuildFile; fileRef = 7A70732A2044A62300067118 /* LetMePassUITests.swift */; };
		7A7073362044AB0600067118 /* LessPassCore.framework in Frameworks */ = {isa = PBXBuildFile; fileRef = 7A7073352044AB0600067118 /* LessPassCore.framework */; };
		7A7073372044AB0600067118 /* LessPassCore.framework in Embed Frameworks */ = {isa = PBXBuildFile; fileRef = 7A7073352044AB0600067118 /* LessPassCore.framework */; settings = {ATTRIBUTES = (CodeSignOnCopy, RemoveHeadersOnCopy, ); }; };
		7A892E4E20972AB6004D9A5E /* AdvancedPasswordOptionsPanelView.swift in Sources */ = {isa = PBXBuildFile; fileRef = 7A892E4D20972AB6004D9A5E /* AdvancedPasswordOptionsPanelView.swift */; };
		7A892E50209749AF004D9A5E /* IntegerSelectorView.swift in Sources */ = {isa = PBXBuildFile; fileRef = 7A892E4F209749AF004D9A5E /* IntegerSelectorView.swift */; };
		7A892E52209758EE004D9A5E /* BackgroundColorButton.swift in Sources */ = {isa = PBXBuildFile; fileRef = 7A892E51209758EE004D9A5E /* BackgroundColorButton.swift */; };
		7A892E5520977B71004D9A5E /* StoreKit.framework in Frameworks */ = {isa = PBXBuildFile; fileRef = 7A892E5420977B71004D9A5E /* StoreKit.framework */; };
		7A892E5920977FF6004D9A5E /* AppConfigurationViewController.swift in Sources */ = {isa = PBXBuildFile; fileRef = 7A892E5820977FF6004D9A5E /* AppConfigurationViewController.swift */; };
		7A892E5B20978E74004D9A5E /* UserAccountLoginOrCreateViewController.swift in Sources */ = {isa = PBXBuildFile; fileRef = 7A892E5A20978E74004D9A5E /* UserAccountLoginOrCreateViewController.swift */; };
		7A8E19E82044B7D700DC58D0 /* MainTextField.swift in Sources */ = {isa = PBXBuildFile; fileRef = 7A8E19E72044B7D700DC58D0 /* MainTextField.swift */; };
/* End PBXBuildFile section */

/* Begin PBXContainerItemProxy section */
		7A7073272044A62300067118 /* PBXContainerItemProxy */ = {
			isa = PBXContainerItemProxy;
			containerPortal = 7A70730A2044A62300067118 /* Project object */;
			proxyType = 1;
			remoteGlobalIDString = 7A7073112044A62300067118;
			remoteInfo = LetMePass;
		};
/* End PBXContainerItemProxy section */

/* Begin PBXCopyFilesBuildPhase section */
		7A7073382044AB0600067118 /* Embed Frameworks */ = {
			isa = PBXCopyFilesBuildPhase;
			buildActionMask = 2147483647;
			dstPath = "";
			dstSubfolderSpec = 10;
			files = (
				7A7073372044AB0600067118 /* LessPassCore.framework in Embed Frameworks */,
			);
			name = "Embed Frameworks";
			runOnlyForDeploymentPostprocessing = 0;
		};
/* End PBXCopyFilesBuildPhase section */

/* Begin PBXFileReference section */
		7A00F82120852A4400B9B4BA /* en */ = {isa = PBXFileReference; lastKnownFileType = text.plist.strings; name = en; path = en.lproj/Localizable.strings; sourceTree = "<group>"; };
		7A00F82320852A4700B9B4BA /* fr */ = {isa = PBXFileReference; lastKnownFileType = text.plist.strings; name = fr; path = fr.lproj/Localizable.strings; sourceTree = "<group>"; };
		7A00F824208537DB00B9B4BA /* GeneratedPasswordPanelView.swift */ = {isa = PBXFileReference; lastKnownFileType = sourcecode.swift; path = GeneratedPasswordPanelView.swift; sourceTree = "<group>"; };
		7A48A8DC2083BBBA0028EF24 /* MainViewModel.swift */ = {isa = PBXFileReference; lastKnownFileType = sourcecode.swift; path = MainViewModel.swift; sourceTree = "<group>"; };
		7A48A8DE2083BF240028EF24 /* MainModel.swift */ = {isa = PBXFileReference; lastKnownFileType = sourcecode.swift; path = MainModel.swift; sourceTree = "<group>"; };
		7A48A8E1208528650028EF24 /* String+LMP.swift */ = {isa = PBXFileReference; lastKnownFileType = sourcecode.swift; path = "String+LMP.swift"; sourceTree = "<group>"; };
		7A48A8E3208529440028EF24 /* fr */ = {isa = PBXFileReference; lastKnownFileType = text.plist.strings; name = fr; path = fr.lproj/Main.strings; sourceTree = "<group>"; };
		7A48A8E4208529450028EF24 /* fr */ = {isa = PBXFileReference; lastKnownFileType = text.plist.strings; name = fr; path = fr.lproj/LaunchScreen.strings; sourceTree = "<group>"; };
		7A7073122044A62300067118 /* LetMePass.app */ = {isa = PBXFileReference; explicitFileType = wrapper.application; includeInIndex = 0; path = LetMePass.app; sourceTree = BUILT_PRODUCTS_DIR; };
		7A7073152044A62300067118 /* AppDelegate.swift */ = {isa = PBXFileReference; lastKnownFileType = sourcecode.swift; path = AppDelegate.swift; sourceTree = "<group>"; };
		7A7073172044A62300067118 /* ViewController.swift */ = {isa = PBXFileReference; lastKnownFileType = sourcecode.swift; path = ViewController.swift; sourceTree = "<group>"; };
		7A70731A2044A62300067118 /* Base */ = {isa = PBXFileReference; lastKnownFileType = file.storyboard; name = Base; path = Base.lproj/Main.storyboard; sourceTree = "<group>"; };
		7A70731C2044A62300067118 /* Assets.xcassets */ = {isa = PBXFileReference; lastKnownFileType = folder.assetcatalog; path = Assets.xcassets; sourceTree = "<group>"; };
		7A70731F2044A62300067118 /* Base */ = {isa = PBXFileReference; lastKnownFileType = file.storyboard; name = Base; path = Base.lproj/LaunchScreen.storyboard; sourceTree = "<group>"; };
		7A7073212044A62300067118 /* Info.plist */ = {isa = PBXFileReference; lastKnownFileType = text.plist.xml; path = Info.plist; sourceTree = "<group>"; };
		7A7073262044A62300067118 /* LetMePassUITests.xctest */ = {isa = PBXFileReference; explicitFileType = wrapper.cfbundle; includeInIndex = 0; path = LetMePassUITests.xctest; sourceTree = BUILT_PRODUCTS_DIR; };
		7A70732A2044A62300067118 /* LetMePassUITests.swift */ = {isa = PBXFileReference; lastKnownFileType = sourcecode.swift; path = LetMePassUITests.swift; sourceTree = "<group>"; };
		7A70732C2044A62300067118 /* Info.plist */ = {isa = PBXFileReference; lastKnownFileType = text.plist.xml; path = Info.plist; sourceTree = "<group>"; };
		7A7073352044AB0600067118 /* LessPassCore.framework */ = {isa = PBXFileReference; lastKnownFileType = wrapper.framework; name = LessPassCore.framework; path = ../../Carthage/Build/iOS/LessPassCore.framework; sourceTree = "<group>"; };
		7A892E4D20972AB6004D9A5E /* AdvancedPasswordOptionsPanelView.swift */ = {isa = PBXFileReference; lastKnownFileType = sourcecode.swift; path = AdvancedPasswordOptionsPanelView.swift; sourceTree = "<group>"; };
		7A892E4F209749AF004D9A5E /* IntegerSelectorView.swift */ = {isa = PBXFileReference; lastKnownFileType = sourcecode.swift; path = IntegerSelectorView.swift; sourceTree = "<group>"; };
		7A892E51209758EE004D9A5E /* BackgroundColorButton.swift */ = {isa = PBXFileReference; lastKnownFileType = sourcecode.swift; path = BackgroundColorButton.swift; sourceTree = "<group>"; };
		7A892E5420977B71004D9A5E /* StoreKit.framework */ = {isa = PBXFileReference; lastKnownFileType = wrapper.framework; name = StoreKit.framework; path = System/Library/Frameworks/StoreKit.framework; sourceTree = SDKROOT; };
		7A892E5820977FF6004D9A5E /* AppConfigurationViewController.swift */ = {isa = PBXFileReference; lastKnownFileType = sourcecode.swift; path = AppConfigurationViewController.swift; sourceTree = "<group>"; };
		7A892E5A20978E74004D9A5E /* UserAccountLoginOrCreateViewController.swift */ = {isa = PBXFileReference; lastKnownFileType = sourcecode.swift; path = UserAccountLoginOrCreateViewController.swift; sourceTree = "<group>"; };
		7A8E19E72044B7D700DC58D0 /* MainTextField.swift */ = {isa = PBXFileReference; lastKnownFileType = sourcecode.swift; path = MainTextField.swift; sourceTree = "<group>"; };
/* End PBXFileReference section */

/* Begin PBXFrameworksBuildPhase section */
		7A70730F2044A62300067118 /* Frameworks */ = {
			isa = PBXFrameworksBuildPhase;
			buildActionMask = 2147483647;
			files = (
				7A7073362044AB0600067118 /* LessPassCore.framework in Frameworks */,
				7A892E5520977B71004D9A5E /* StoreKit.framework in Frameworks */,
			);
			runOnlyForDeploymentPostprocessing = 0;
		};
		7A7073232044A62300067118 /* Frameworks */ = {
			isa = PBXFrameworksBuildPhase;
			buildActionMask = 2147483647;
			files = (
			);
			runOnlyForDeploymentPostprocessing = 0;
		};
/* End PBXFrameworksBuildPhase section */

/* Begin PBXGroup section */
		7A48A8E0208528410028EF24 /* Extensions */ = {
			isa = PBXGroup;
			children = (
				7A48A8E1208528650028EF24 /* String+LMP.swift */,
			);
			path = Extensions;
			sourceTree = "<group>";
		};
		7A48A8E5208529920028EF24 /* Localize */ = {
			isa = PBXGroup;
			children = (
				7A00F82220852A4400B9B4BA /* Localizable.strings */,
			);
			name = Localize;
			sourceTree = "<group>";
		};
		7A7073092044A62300067118 = {
			isa = PBXGroup;
			children = (
				7A7073142044A62300067118 /* LetMePass */,
				7A7073292044A62300067118 /* LetMePassUITests */,
				7A7073132044A62300067118 /* Products */,
				7A892E5320977B71004D9A5E /* Frameworks */,
			);
			sourceTree = "<group>";
		};
		7A7073132044A62300067118 /* Products */ = {
			isa = PBXGroup;
			children = (
				7A7073122044A62300067118 /* LetMePass.app */,
				7A7073262044A62300067118 /* LetMePassUITests.xctest */,
			);
			name = Products;
			sourceTree = "<group>";
		};
		7A7073142044A62300067118 /* LetMePass */ = {
			isa = PBXGroup;
			children = (
				7A892E5720977FCF004D9A5E /* AppConfiguration */,
				7A892E5620977DCD004D9A5E /* UserAccount */,
				7A48A8E5208529920028EF24 /* Localize */,
				7A48A8E0208528410028EF24 /* Extensions */,
				7A7073152044A62300067118 /* AppDelegate.swift */,
				7A7073172044A62300067118 /* ViewController.swift */,
				7A48A8DC2083BBBA0028EF24 /* MainViewModel.swift */,
				7A48A8DE2083BF240028EF24 /* MainModel.swift */,
				7A8E19E72044B7D700DC58D0 /* MainTextField.swift */,
				7A00F824208537DB00B9B4BA /* GeneratedPasswordPanelView.swift */,
				7A892E4D20972AB6004D9A5E /* AdvancedPasswordOptionsPanelView.swift */,
				7A892E4F209749AF004D9A5E /* IntegerSelectorView.swift */,
				7A892E51209758EE004D9A5E /* BackgroundColorButton.swift */,
				7A7073192044A62300067118 /* Main.storyboard */,
				7A70731C2044A62300067118 /* Assets.xcassets */,
				7A70731E2044A62300067118 /* LaunchScreen.storyboard */,
				7A7073212044A62300067118 /* Info.plist */,
				7A7073392044AB5500067118 /* Frameworks */,
			);
			path = LetMePass;
			sourceTree = "<group>";
		};
		7A7073292044A62300067118 /* LetMePassUITests */ = {
			isa = PBXGroup;
			children = (
				7A70732A2044A62300067118 /* LetMePassUITests.swift */,
				7A70732C2044A62300067118 /* Info.plist */,
			);
			path = LetMePassUITests;
			sourceTree = "<group>";
		};
		7A7073392044AB5500067118 /* Frameworks */ = {
			isa = PBXGroup;
			children = (
				7A7073352044AB0600067118 /* LessPassCore.framework */,
			);
			path = Frameworks;
			sourceTree = "<group>";
		};
		7A892E5320977B71004D9A5E /* Frameworks */ = {
			isa = PBXGroup;
			children = (
				7A892E5420977B71004D9A5E /* StoreKit.framework */,
			);
			name = Frameworks;
			sourceTree = "<group>";
		};
		7A892E5620977DCD004D9A5E /* UserAccount */ = {
			isa = PBXGroup;
			children = (
				7A892E5A20978E74004D9A5E /* UserAccountLoginOrCreateViewController.swift */,
			);
			path = UserAccount;
			sourceTree = "<group>";
		};
		7A892E5720977FCF004D9A5E /* AppConfiguration */ = {
			isa = PBXGroup;
			children = (
				7A892E5820977FF6004D9A5E /* AppConfigurationViewController.swift */,
			);
			path = AppConfiguration;
			sourceTree = "<group>";
		};
/* End PBXGroup section */

/* Begin PBXNativeTarget section */
		7A7073112044A62300067118 /* LetMePass */ = {
			isa = PBXNativeTarget;
			buildConfigurationList = 7A70732F2044A62300067118 /* Build configuration list for PBXNativeTarget "LetMePass" */;
			buildPhases = (
				7A70730E2044A62300067118 /* Sources */,
				7A70730F2044A62300067118 /* Frameworks */,
				7A7073102044A62300067118 /* Resources */,
				7A7073382044AB0600067118 /* Embed Frameworks */,
			);
			buildRules = (
			);
			dependencies = (
			);
			name = LetMePass;
			productName = LetMePass;
			productReference = 7A7073122044A62300067118 /* LetMePass.app */;
			productType = "com.apple.product-type.application";
		};
		7A7073252044A62300067118 /* LetMePassUITests */ = {
			isa = PBXNativeTarget;
			buildConfigurationList = 7A7073322044A62300067118 /* Build configuration list for PBXNativeTarget "LetMePassUITests" */;
			buildPhases = (
				7A7073222044A62300067118 /* Sources */,
				7A7073232044A62300067118 /* Frameworks */,
				7A7073242044A62300067118 /* Resources */,
			);
			buildRules = (
			);
			dependencies = (
				7A7073282044A62300067118 /* PBXTargetDependency */,
			);
			name = LetMePassUITests;
			productName = LetMePassUITests;
			productReference = 7A7073262044A62300067118 /* LetMePassUITests.xctest */;
			productType = "com.apple.product-type.bundle.ui-testing";
		};
/* End PBXNativeTarget section */

/* Begin PBXProject section */
		7A70730A2044A62300067118 /* Project object */ = {
			isa = PBXProject;
			attributes = {
				LastSwiftUpdateCheck = 0920;
				LastUpgradeCheck = 0930;
				ORGANIZATIONNAME = XDAppfactory;
				TargetAttributes = {
					7A7073112044A62300067118 = {
						CreatedOnToolsVersion = 9.2;
						ProvisioningStyle = Automatic;
						SystemCapabilities = {
							com.apple.InAppPurchase = {
								enabled = 1;
							};
						};
					};
					7A7073252044A62300067118 = {
						CreatedOnToolsVersion = 9.2;
						ProvisioningStyle = Automatic;
						TestTargetID = 7A7073112044A62300067118;
					};
				};
			};
			buildConfigurationList = 7A70730D2044A62300067118 /* Build configuration list for PBXProject "LetMePass" */;
			compatibilityVersion = "Xcode 8.0";
			developmentRegion = en;
			hasScannedForEncodings = 0;
			knownRegions = (
				en,
				Base,
				fr,
			);
			mainGroup = 7A7073092044A62300067118;
			productRefGroup = 7A7073132044A62300067118 /* Products */;
			projectDirPath = "";
			projectRoot = "";
			targets = (
				7A7073112044A62300067118 /* LetMePass */,
				7A7073252044A62300067118 /* LetMePassUITests */,
			);
		};
/* End PBXProject section */

/* Begin PBXResourcesBuildPhase section */
		7A7073102044A62300067118 /* Resources */ = {
			isa = PBXResourcesBuildPhase;
			buildActionMask = 2147483647;
			files = (
				7A7073202044A62300067118 /* LaunchScreen.storyboard in Resources */,
				7A00F82020852A4400B9B4BA /* Localizable.strings in Resources */,
				7A70731D2044A62300067118 /* Assets.xcassets in Resources */,
				7A70731B2044A62300067118 /* Main.storyboard in Resources */,
			);
			runOnlyForDeploymentPostprocessing = 0;
		};
		7A7073242044A62300067118 /* Resources */ = {
			isa = PBXResourcesBuildPhase;
			buildActionMask = 2147483647;
			files = (
			);
			runOnlyForDeploymentPostprocessing = 0;
		};
/* End PBXResourcesBuildPhase section */

/* Begin PBXSourcesBuildPhase section */
		7A70730E2044A62300067118 /* Sources */ = {
			isa = PBXSourcesBuildPhase;
			buildActionMask = 2147483647;
			files = (
				7A892E5B20978E74004D9A5E /* UserAccountLoginOrCreateViewController.swift in Sources */,
				7A892E50209749AF004D9A5E /* IntegerSelectorView.swift in Sources */,
				7A48A8E2208528650028EF24 /* String+LMP.swift in Sources */,
				7A892E4E20972AB6004D9A5E /* AdvancedPasswordOptionsPanelView.swift in Sources */,
				7A8E19E82044B7D700DC58D0 /* MainTextField.swift in Sources */,
				7A892E5920977FF6004D9A5E /* AppConfigurationViewController.swift in Sources */,
				7A7073182044A62300067118 /* ViewController.swift in Sources */,
				7A7073162044A62300067118 /* AppDelegate.swift in Sources */,
				7A48A8DF2083BF240028EF24 /* MainModel.swift in Sources */,
				7A48A8DD2083BBBA0028EF24 /* MainViewModel.swift in Sources */,
				7A00F825208537DB00B9B4BA /* GeneratedPasswordPanelView.swift in Sources */,
				7A892E52209758EE004D9A5E /* BackgroundColorButton.swift in Sources */,
			);
			runOnlyForDeploymentPostprocessing = 0;
		};
		7A7073222044A62300067118 /* Sources */ = {
			isa = PBXSourcesBuildPhase;
			buildActionMask = 2147483647;
			files = (
				7A70732B2044A62300067118 /* LetMePassUITests.swift in Sources */,
			);
			runOnlyForDeploymentPostprocessing = 0;
		};
/* End PBXSourcesBuildPhase section */

/* Begin PBXTargetDependency section */
		7A7073282044A62300067118 /* PBXTargetDependency */ = {
			isa = PBXTargetDependency;
			target = 7A7073112044A62300067118 /* LetMePass */;
			targetProxy = 7A7073272044A62300067118 /* PBXContainerItemProxy */;
		};
/* End PBXTargetDependency section */

/* Begin PBXVariantGroup section */
		7A00F82220852A4400B9B4BA /* Localizable.strings */ = {
			isa = PBXVariantGroup;
			children = (
				7A00F82120852A4400B9B4BA /* en */,
				7A00F82320852A4700B9B4BA /* fr */,
			);
			name = Localizable.strings;
			sourceTree = "<group>";
		};
		7A7073192044A62300067118 /* Main.storyboard */ = {
			isa = PBXVariantGroup;
			children = (
				7A70731A2044A62300067118 /* Base */,
				7A48A8E3208529440028EF24 /* fr */,
			);
			name = Main.storyboard;
			sourceTree = "<group>";
		};
		7A70731E2044A62300067118 /* LaunchScreen.storyboard */ = {
			isa = PBXVariantGroup;
			children = (
				7A70731F2044A62300067118 /* Base */,
				7A48A8E4208529450028EF24 /* fr */,
			);
			name = LaunchScreen.storyboard;
			sourceTree = "<group>";
		};
/* End PBXVariantGroup section */

/* Begin XCBuildConfiguration section */
		7A70732D2044A62300067118 /* Debug */ = {
			isa = XCBuildConfiguration;
			buildSettings = {
				ALWAYS_SEARCH_USER_PATHS = NO;
				CLANG_ANALYZER_LOCALIZABILITY_NONLOCALIZED = YES;
				CLANG_ANALYZER_NONNULL = YES;
				CLANG_ANALYZER_NUMBER_OBJECT_CONVERSION = YES_AGGRESSIVE;
				CLANG_CXX_LANGUAGE_STANDARD = "gnu++14";
				CLANG_CXX_LIBRARY = "libc++";
				CLANG_ENABLE_MODULES = YES;
				CLANG_ENABLE_OBJC_ARC = YES;
				CLANG_WARN_BLOCK_CAPTURE_AUTORELEASING = YES;
				CLANG_WARN_BOOL_CONVERSION = YES;
				CLANG_WARN_COMMA = YES;
				CLANG_WARN_CONSTANT_CONVERSION = YES;
				CLANG_WARN_DEPRECATED_OBJC_IMPLEMENTATIONS = YES;
				CLANG_WARN_DIRECT_OBJC_ISA_USAGE = YES_ERROR;
				CLANG_WARN_DOCUMENTATION_COMMENTS = YES;
				CLANG_WARN_EMPTY_BODY = YES;
				CLANG_WARN_ENUM_CONVERSION = YES;
				CLANG_WARN_INFINITE_RECURSION = YES;
				CLANG_WARN_INT_CONVERSION = YES;
				CLANG_WARN_NON_LITERAL_NULL_CONVERSION = YES;
				CLANG_WARN_OBJC_IMPLICIT_RETAIN_SELF = YES;
				CLANG_WARN_OBJC_LITERAL_CONVERSION = YES;
				CLANG_WARN_OBJC_ROOT_CLASS = YES_ERROR;
				CLANG_WARN_RANGE_LOOP_ANALYSIS = YES;
				CLANG_WARN_STRICT_PROTOTYPES = YES;
				CLANG_WARN_SUSPICIOUS_MOVE = YES;
				CLANG_WARN_UNGUARDED_AVAILABILITY = YES_AGGRESSIVE;
				CLANG_WARN_UNREACHABLE_CODE = YES;
				CLANG_WARN__DUPLICATE_METHOD_MATCH = YES;
				CODE_SIGN_IDENTITY = "iPhone Developer";
				COPY_PHASE_STRIP = NO;
				DEBUG_INFORMATION_FORMAT = dwarf;
				ENABLE_STRICT_OBJC_MSGSEND = YES;
				ENABLE_TESTABILITY = YES;
				GCC_C_LANGUAGE_STANDARD = gnu11;
				GCC_DYNAMIC_NO_PIC = NO;
				GCC_NO_COMMON_BLOCKS = YES;
				GCC_OPTIMIZATION_LEVEL = 0;
				GCC_PREPROCESSOR_DEFINITIONS = (
					"DEBUG=1",
					"$(inherited)",
				);
				GCC_WARN_64_TO_32_BIT_CONVERSION = YES;
				GCC_WARN_ABOUT_RETURN_TYPE = YES_ERROR;
				GCC_WARN_UNDECLARED_SELECTOR = YES;
				GCC_WARN_UNINITIALIZED_AUTOS = YES_AGGRESSIVE;
				GCC_WARN_UNUSED_FUNCTION = YES;
				GCC_WARN_UNUSED_VARIABLE = YES;
				IPHONEOS_DEPLOYMENT_TARGET = 9.0;
				MTL_ENABLE_DEBUG_INFO = YES;
				ONLY_ACTIVE_ARCH = YES;
				SDKROOT = iphoneos;
				SWIFT_ACTIVE_COMPILATION_CONDITIONS = DEBUG;
				SWIFT_OPTIMIZATION_LEVEL = "-Onone";
			};
			name = Debug;
		};
		7A70732E2044A62300067118 /* Release */ = {
			isa = XCBuildConfiguration;
			buildSettings = {
				ALWAYS_SEARCH_USER_PATHS = NO;
				CLANG_ANALYZER_LOCALIZABILITY_NONLOCALIZED = YES;
				CLANG_ANALYZER_NONNULL = YES;
				CLANG_ANALYZER_NUMBER_OBJECT_CONVERSION = YES_AGGRESSIVE;
				CLANG_CXX_LANGUAGE_STANDARD = "gnu++14";
				CLANG_CXX_LIBRARY = "libc++";
				CLANG_ENABLE_MODULES = YES;
				CLANG_ENABLE_OBJC_ARC = YES;
				CLANG_WARN_BLOCK_CAPTURE_AUTORELEASING = YES;
				CLANG_WARN_BOOL_CONVERSION = YES;
				CLANG_WARN_COMMA = YES;
				CLANG_WARN_CONSTANT_CONVERSION = YES;
				CLANG_WARN_DEPRECATED_OBJC_IMPLEMENTATIONS = YES;
				CLANG_WARN_DIRECT_OBJC_ISA_USAGE = YES_ERROR;
				CLANG_WARN_DOCUMENTATION_COMMENTS = YES;
				CLANG_WARN_EMPTY_BODY = YES;
				CLANG_WARN_ENUM_CONVERSION = YES;
				CLANG_WARN_INFINITE_RECURSION = YES;
				CLANG_WARN_INT_CONVERSION = YES;
				CLANG_WARN_NON_LITERAL_NULL_CONVERSION = YES;
				CLANG_WARN_OBJC_IMPLICIT_RETAIN_SELF = YES;
				CLANG_WARN_OBJC_LITERAL_CONVERSION = YES;
				CLANG_WARN_OBJC_ROOT_CLASS = YES_ERROR;
				CLANG_WARN_RANGE_LOOP_ANALYSIS = YES;
				CLANG_WARN_STRICT_PROTOTYPES = YES;
				CLANG_WARN_SUSPICIOUS_MOVE = YES;
				CLANG_WARN_UNGUARDED_AVAILABILITY = YES_AGGRESSIVE;
				CLANG_WARN_UNREACHABLE_CODE = YES;
				CLANG_WARN__DUPLICATE_METHOD_MATCH = YES;
				CODE_SIGN_IDENTITY = "iPhone Developer";
				COPY_PHASE_STRIP = NO;
				DEBUG_INFORMATION_FORMAT = "dwarf-with-dsym";
				ENABLE_NS_ASSERTIONS = NO;
				ENABLE_STRICT_OBJC_MSGSEND = YES;
				GCC_C_LANGUAGE_STANDARD = gnu11;
				GCC_NO_COMMON_BLOCKS = YES;
				GCC_WARN_64_TO_32_BIT_CONVERSION = YES;
				GCC_WARN_ABOUT_RETURN_TYPE = YES_ERROR;
				GCC_WARN_UNDECLARED_SELECTOR = YES;
				GCC_WARN_UNINITIALIZED_AUTOS = YES_AGGRESSIVE;
				GCC_WARN_UNUSED_FUNCTION = YES;
				GCC_WARN_UNUSED_VARIABLE = YES;
				IPHONEOS_DEPLOYMENT_TARGET = 9.0;
				MTL_ENABLE_DEBUG_INFO = NO;
				SDKROOT = iphoneos;
				SWIFT_OPTIMIZATION_LEVEL = "-Owholemodule";
				VALIDATE_PRODUCT = YES;
			};
			name = Release;
		};
		7A7073302044A62300067118 /* Debug */ = {
			isa = XCBuildConfiguration;
			buildSettings = {
				ASSETCATALOG_COMPILER_APPICON_NAME = AppIcon;
				CODE_SIGN_STYLE = Automatic;
				DEVELOPMENT_TEAM = K66NHNFE93;
				FRAMEWORK_SEARCH_PATHS = (
					"$(inherited)",
					"$(PROJECT_DIR)/Carthage/Build/iOS",
				);
				INFOPLIST_FILE = LetMePass/Info.plist;
				LD_RUNPATH_SEARCH_PATHS = "$(inherited) @executable_path/Frameworks";
				PRODUCT_BUNDLE_IDENTIFIER = com.xdappfactory.LetMePass;
				PRODUCT_NAME = "$(TARGET_NAME)";
				SWIFT_VERSION = 4.0;
				TARGETED_DEVICE_FAMILY = "1,2";
			};
			name = Debug;
		};
		7A7073312044A62300067118 /* Release */ = {
			isa = XCBuildConfiguration;
			buildSettings = {
				ASSETCATALOG_COMPILER_APPICON_NAME = AppIcon;
				CODE_SIGN_STYLE = Automatic;
				DEVELOPMENT_TEAM = K66NHNFE93;
				FRAMEWORK_SEARCH_PATHS = (
					"$(inherited)",
					"$(PROJECT_DIR)/Carthage/Build/iOS",
				);
				INFOPLIST_FILE = LetMePass/Info.plist;
				LD_RUNPATH_SEARCH_PATHS = "$(inherited) @executable_path/Frameworks";
				PRODUCT_BUNDLE_IDENTIFIER = com.xdappfactory.LetMePass;
				PRODUCT_NAME = "$(TARGET_NAME)";
				SWIFT_VERSION = 4.0;
				TARGETED_DEVICE_FAMILY = "1,2";
			};
			name = Release;
		};
		7A7073332044A62300067118 /* Debug */ = {
			isa = XCBuildConfiguration;
			buildSettings = {
				ALWAYS_EMBED_SWIFT_STANDARD_LIBRARIES = YES;
				CODE_SIGN_STYLE = Automatic;
				DEVELOPMENT_TEAM = K66NHNFE93;
				INFOPLIST_FILE = LetMePassUITests/Info.plist;
				LD_RUNPATH_SEARCH_PATHS = "$(inherited) @executable_path/Frameworks @loader_path/Frameworks";
				PRODUCT_BUNDLE_IDENTIFIER = com.xdappfactory.LetMePassUITests;
				PRODUCT_NAME = "$(TARGET_NAME)";
				SWIFT_VERSION = 4.0;
				TARGETED_DEVICE_FAMILY = "1,2";
				TEST_TARGET_NAME = LetMePass;
			};
			name = Debug;
		};
		7A7073342044A62300067118 /* Release */ = {
			isa = XCBuildConfiguration;
			buildSettings = {
				ALWAYS_EMBED_SWIFT_STANDARD_LIBRARIES = YES;
				CODE_SIGN_STYLE = Automatic;
				DEVELOPMENT_TEAM = K66NHNFE93;
				INFOPLIST_FILE = LetMePassUITests/Info.plist;
				LD_RUNPATH_SEARCH_PATHS = "$(inherited) @executable_path/Frameworks @loader_path/Frameworks";
				PRODUCT_BUNDLE_IDENTIFIER = com.xdappfactory.LetMePassUITests;
				PRODUCT_NAME = "$(TARGET_NAME)";
				SWIFT_VERSION = 4.0;
				TARGETED_DEVICE_FAMILY = "1,2";
				TEST_TARGET_NAME = LetMePass;
			};
			name = Release;
		};
/* End XCBuildConfiguration section */

/* Begin XCConfigurationList section */
		7A70730D2044A62300067118 /* Build configuration list for PBXProject "LetMePass" */ = {
			isa = XCConfigurationList;
			buildConfigurations = (
				7A70732D2044A62300067118 /* Debug */,
				7A70732E2044A62300067118 /* Release */,
			);
			defaultConfigurationIsVisible = 0;
			defaultConfigurationName = Release;
		};
		7A70732F2044A62300067118 /* Build configuration list for PBXNativeTarget "LetMePass" */ = {
			isa = XCConfigurationList;
			buildConfigurations = (
				7A7073302044A62300067118 /* Debug */,
				7A7073312044A62300067118 /* Release */,
			);
			defaultConfigurationIsVisible = 0;
			defaultConfigurationName = Release;
		};
		7A7073322044A62300067118 /* Build configuration list for PBXNativeTarget "LetMePassUITests" */ = {
			isa = XCConfigurationList;
			buildConfigurations = (
				7A7073332044A62300067118 /* Debug */,
				7A7073342044A62300067118 /* Release */,
			);
			defaultConfigurationIsVisible = 0;
			defaultConfigurationName = Release;
		};
/* End XCConfigurationList section */
	};
	rootObject = 7A70730A2044A62300067118 /* Project object */;
}
